// !$*UTF8*$!
{
	archiveVersion = 1;
	classes = {
	};
	objectVersion = 46;
	objects = {

/* Begin PBXBuildFile section */
		77E5431A192EC30C00B7E671 /* Foundation.framework in Frameworks */ = {isa = PBXBuildFile; fileRef = 77E54319192EC30C00B7E671 /* Foundation.framework */; };
		77E5431C192EC30C00B7E671 /* CoreGraphics.framework in Frameworks */ = {isa = PBXBuildFile; fileRef = 77E5431B192EC30C00B7E671 /* CoreGraphics.framework */; };
		77E5431E192EC30C00B7E671 /* UIKit.framework in Frameworks */ = {isa = PBXBuildFile; fileRef = 77E5431D192EC30C00B7E671 /* UIKit.framework */; };
		77E54320192EC30C00B7E671 /* CoreData.framework in Frameworks */ = {isa = PBXBuildFile; fileRef = 77E5431F192EC30C00B7E671 /* CoreData.framework */; };
		77E54326192EC30C00B7E671 /* InfoPlist.strings in Resources */ = {isa = PBXBuildFile; fileRef = 77E54324192EC30C00B7E671 /* InfoPlist.strings */; };
		77E54328192EC30C00B7E671 /* main.m in Sources */ = {isa = PBXBuildFile; fileRef = 77E54327192EC30C00B7E671 /* main.m */; };
		77E5432C192EC30C00B7E671 /* AppDelegate.m in Sources */ = {isa = PBXBuildFile; fileRef = 77E5432B192EC30C00B7E671 /* AppDelegate.m */; };
		77E5432F192EC30C00B7E671 /* OmniChannel.xcdatamodeld in Sources */ = {isa = PBXBuildFile; fileRef = 77E5432D192EC30C00B7E671 /* OmniChannel.xcdatamodeld */; };
		77E54331192EC30C00B7E671 /* Images.xcassets in Resources */ = {isa = PBXBuildFile; fileRef = 77E54330192EC30C00B7E671 /* Images.xcassets */; };
		77E54338192EC30C00B7E671 /* XCTest.framework in Frameworks */ = {isa = PBXBuildFile; fileRef = 77E54337192EC30C00B7E671 /* XCTest.framework */; };
		77E54339192EC30C00B7E671 /* Foundation.framework in Frameworks */ = {isa = PBXBuildFile; fileRef = 77E54319192EC30C00B7E671 /* Foundation.framework */; };
		77E5433A192EC30C00B7E671 /* UIKit.framework in Frameworks */ = {isa = PBXBuildFile; fileRef = 77E5431D192EC30C00B7E671 /* UIKit.framework */; };
		77E5433B192EC30C00B7E671 /* CoreData.framework in Frameworks */ = {isa = PBXBuildFile; fileRef = 77E5431F192EC30C00B7E671 /* CoreData.framework */; };
		77E54343192EC30C00B7E671 /* InfoPlist.strings in Resources */ = {isa = PBXBuildFile; fileRef = 77E54341192EC30C00B7E671 /* InfoPlist.strings */; };
		77E54345192EC30C00B7E671 /* OmniChannelTests.m in Sources */ = {isa = PBXBuildFile; fileRef = 77E54344192EC30C00B7E671 /* OmniChannelTests.m */; };
		77E54358192EC3D300B7E671 /* BaseModel.m in Sources */ = {isa = PBXBuildFile; fileRef = 77E54350192EC3D300B7E671 /* BaseModel.m */; };
		77E54359192EC3D300B7E671 /* Client.m in Sources */ = {isa = PBXBuildFile; fileRef = 77E54352192EC3D300B7E671 /* Client.m */; };
		77E5435A192EC3D300B7E671 /* SaleItem.m in Sources */ = {isa = PBXBuildFile; fileRef = 77E54355192EC3D300B7E671 /* SaleItem.m */; };
		77E5435B192EC3D300B7E671 /* User.m in Sources */ = {isa = PBXBuildFile; fileRef = 77E54357192EC3D300B7E671 /* User.m */; };
		77E5435F192ECCA200B7E671 /* ShoppingListItem.m in Sources */ = {isa = PBXBuildFile; fileRef = 77E5435E192ECCA200B7E671 /* ShoppingListItem.m */; };
		77E54363192ECF1C00B7E671 /* LoginViewController.m in Sources */ = {isa = PBXBuildFile; fileRef = 77E54361192ECF1C00B7E671 /* LoginViewController.m */; };
		77E54366192ECF4C00B7E671 /* Main.storyboard in Resources */ = {isa = PBXBuildFile; fileRef = 77E54365192ECF4C00B7E671 /* Main.storyboard */; };
		77E54368192ED08800B7E671 /* Login.storyboard in Resources */ = {isa = PBXBuildFile; fileRef = 77E54367192ED08800B7E671 /* Login.storyboard */; };
		77E5436C1933CCB500B7E671 /* UserSettingsViewController.m in Sources */ = {isa = PBXBuildFile; fileRef = 77E5436B1933CCB500B7E671 /* UserSettingsViewController.m */; };
		77E543701933F03200B7E671 /* NSString+EddieString.m in Sources */ = {isa = PBXBuildFile; fileRef = 77E5436F1933F03200B7E671 /* NSString+EddieString.m */; };
		C2FC7C9A12264F34A82F4A7B /* libPods.a in Frameworks */ = {isa = PBXBuildFile; fileRef = 101C45F5137540679BE2804A /* libPods.a */; };
/* End PBXBuildFile section */

/* Begin PBXContainerItemProxy section */
		77E5433C192EC30C00B7E671 /* PBXContainerItemProxy */ = {
			isa = PBXContainerItemProxy;
			containerPortal = 77E5430E192EC30C00B7E671 /* Project object */;
			proxyType = 1;
			remoteGlobalIDString = 77E54315192EC30C00B7E671;
			remoteInfo = OmniChannel;
		};
/* End PBXContainerItemProxy section */

/* Begin PBXFileReference section */
		101C45F5137540679BE2804A /* libPods.a */ = {isa = PBXFileReference; explicitFileType = archive.ar; includeInIndex = 0; path = libPods.a; sourceTree = BUILT_PRODUCTS_DIR; };
		232B63A18C3E41A49E2A20E4 /* Pods.xcconfig */ = {isa = PBXFileReference; includeInIndex = 1; lastKnownFileType = text.xcconfig; name = Pods.xcconfig; path = ../Pods/Pods.xcconfig; sourceTree = "<group>"; };
		77E54316192EC30C00B7E671 /* OmniChannel.app */ = {isa = PBXFileReference; explicitFileType = wrapper.application; includeInIndex = 0; path = OmniChannel.app; sourceTree = BUILT_PRODUCTS_DIR; };
		77E54319192EC30C00B7E671 /* Foundation.framework */ = {isa = PBXFileReference; lastKnownFileType = wrapper.framework; name = Foundation.framework; path = System/Library/Frameworks/Foundation.framework; sourceTree = SDKROOT; };
		77E5431B192EC30C00B7E671 /* CoreGraphics.framework */ = {isa = PBXFileReference; lastKnownFileType = wrapper.framework; name = CoreGraphics.framework; path = System/Library/Frameworks/CoreGraphics.framework; sourceTree = SDKROOT; };
		77E5431D192EC30C00B7E671 /* UIKit.framework */ = {isa = PBXFileReference; lastKnownFileType = wrapper.framework; name = UIKit.framework; path = System/Library/Frameworks/UIKit.framework; sourceTree = SDKROOT; };
		77E5431F192EC30C00B7E671 /* CoreData.framework */ = {isa = PBXFileReference; lastKnownFileType = wrapper.framework; name = CoreData.framework; path = System/Library/Frameworks/CoreData.framework; sourceTree = SDKROOT; };
		77E54323192EC30C00B7E671 /* OmniChannel-Info.plist */ = {isa = PBXFileReference; lastKnownFileType = text.plist.xml; path = "OmniChannel-Info.plist"; sourceTree = "<group>"; };
		77E54325192EC30C00B7E671 /* en */ = {isa = PBXFileReference; lastKnownFileType = text.plist.strings; name = en; path = en.lproj/InfoPlist.strings; sourceTree = "<group>"; };
		77E54327192EC30C00B7E671 /* main.m */ = {isa = PBXFileReference; lastKnownFileType = sourcecode.c.objc; path = main.m; sourceTree = "<group>"; };
		77E54329192EC30C00B7E671 /* OmniChannel-Prefix.pch */ = {isa = PBXFileReference; lastKnownFileType = sourcecode.c.h; path = "OmniChannel-Prefix.pch"; sourceTree = "<group>"; };
		77E5432A192EC30C00B7E671 /* AppDelegate.h */ = {isa = PBXFileReference; lastKnownFileType = sourcecode.c.h; path = AppDelegate.h; sourceTree = "<group>"; };
		77E5432B192EC30C00B7E671 /* AppDelegate.m */ = {isa = PBXFileReference; lastKnownFileType = sourcecode.c.objc; path = AppDelegate.m; sourceTree = "<group>"; };
		77E5432E192EC30C00B7E671 /* OmniChannel.xcdatamodel */ = {isa = PBXFileReference; lastKnownFileType = wrapper.xcdatamodel; path = OmniChannel.xcdatamodel; sourceTree = "<group>"; };
		77E54330192EC30C00B7E671 /* Images.xcassets */ = {isa = PBXFileReference; lastKnownFileType = folder.assetcatalog; path = Images.xcassets; sourceTree = "<group>"; };
		77E54336192EC30C00B7E671 /* OmniChannelTests.xctest */ = {isa = PBXFileReference; explicitFileType = wrapper.cfbundle; includeInIndex = 0; path = OmniChannelTests.xctest; sourceTree = BUILT_PRODUCTS_DIR; };
		77E54337192EC30C00B7E671 /* XCTest.framework */ = {isa = PBXFileReference; lastKnownFileType = wrapper.framework; name = XCTest.framework; path = Library/Frameworks/XCTest.framework; sourceTree = DEVELOPER_DIR; };
		77E54340192EC30C00B7E671 /* OmniChannelTests-Info.plist */ = {isa = PBXFileReference; lastKnownFileType = text.plist.xml; path = "OmniChannelTests-Info.plist"; sourceTree = "<group>"; };
		77E54342192EC30C00B7E671 /* en */ = {isa = PBXFileReference; lastKnownFileType = text.plist.strings; name = en; path = en.lproj/InfoPlist.strings; sourceTree = "<group>"; };
		77E54344192EC30C00B7E671 /* OmniChannelTests.m */ = {isa = PBXFileReference; lastKnownFileType = sourcecode.c.objc; path = OmniChannelTests.m; sourceTree = "<group>"; };
		77E5434F192EC3D300B7E671 /* BaseModel.h */ = {isa = PBXFileReference; fileEncoding = 4; lastKnownFileType = sourcecode.c.h; path = BaseModel.h; sourceTree = "<group>"; };
		77E54350192EC3D300B7E671 /* BaseModel.m */ = {isa = PBXFileReference; fileEncoding = 4; lastKnownFileType = sourcecode.c.objc; path = BaseModel.m; sourceTree = "<group>"; };
		77E54351192EC3D300B7E671 /* Client.h */ = {isa = PBXFileReference; fileEncoding = 4; lastKnownFileType = sourcecode.c.h; path = Client.h; sourceTree = "<group>"; };
		77E54352192EC3D300B7E671 /* Client.m */ = {isa = PBXFileReference; fileEncoding = 4; lastKnownFileType = sourcecode.c.objc; path = Client.m; sourceTree = "<group>"; };
		77E54353192EC3D300B7E671 /* Constants.h */ = {isa = PBXFileReference; fileEncoding = 4; lastKnownFileType = sourcecode.c.h; path = Constants.h; sourceTree = "<group>"; };
		77E54354192EC3D300B7E671 /* SaleItem.h */ = {isa = PBXFileReference; fileEncoding = 4; lastKnownFileType = sourcecode.c.h; path = SaleItem.h; sourceTree = "<group>"; };
		77E54355192EC3D300B7E671 /* SaleItem.m */ = {isa = PBXFileReference; fileEncoding = 4; lastKnownFileType = sourcecode.c.objc; path = SaleItem.m; sourceTree = "<group>"; };
		77E54356192EC3D300B7E671 /* User.h */ = {isa = PBXFileReference; fileEncoding = 4; lastKnownFileType = sourcecode.c.h; path = User.h; sourceTree = "<group>"; };
		77E54357192EC3D300B7E671 /* User.m */ = {isa = PBXFileReference; fileEncoding = 4; lastKnownFileType = sourcecode.c.objc; path = User.m; sourceTree = "<group>"; };
		77E5435C192EC3EE00B7E671 /* OmniModel.h */ = {isa = PBXFileReference; lastKnownFileType = sourcecode.c.h; path = OmniModel.h; sourceTree = "<group>"; };
		77E5435D192ECCA200B7E671 /* ShoppingListItem.h */ = {isa = PBXFileReference; fileEncoding = 4; lastKnownFileType = sourcecode.c.h; path = ShoppingListItem.h; sourceTree = "<group>"; };
		77E5435E192ECCA200B7E671 /* ShoppingListItem.m */ = {isa = PBXFileReference; fileEncoding = 4; lastKnownFileType = sourcecode.c.objc; path = ShoppingListItem.m; sourceTree = "<group>"; };
		77E54360192ECF1C00B7E671 /* LoginViewController.h */ = {isa = PBXFileReference; fileEncoding = 4; lastKnownFileType = sourcecode.c.h; path = LoginViewController.h; sourceTree = "<group>"; };
		77E54361192ECF1C00B7E671 /* LoginViewController.m */ = {isa = PBXFileReference; fileEncoding = 4; lastKnownFileType = sourcecode.c.objc; path = LoginViewController.m; sourceTree = "<group>"; };
		77E54365192ECF4C00B7E671 /* Main.storyboard */ = {isa = PBXFileReference; fileEncoding = 4; lastKnownFileType = file.storyboard; path = Main.storyboard; sourceTree = "<group>"; };
		77E54367192ED08800B7E671 /* Login.storyboard */ = {isa = PBXFileReference; fileEncoding = 4; lastKnownFileType = file.storyboard; path = Login.storyboard; sourceTree = "<group>"; };
		77E5436A1933CCB500B7E671 /* UserSettingsViewController.h */ = {isa = PBXFileReference; fileEncoding = 4; lastKnownFileType = sourcecode.c.h; path = UserSettingsViewController.h; sourceTree = "<group>"; };
		77E5436B1933CCB500B7E671 /* UserSettingsViewController.m */ = {isa = PBXFileReference; fileEncoding = 4; lastKnownFileType = sourcecode.c.objc; path = UserSettingsViewController.m; sourceTree = "<group>"; };
		77E5436E1933F03200B7E671 /* NSString+EddieString.h */ = {isa = PBXFileReference; fileEncoding = 4; lastKnownFileType = sourcecode.c.h; path = "NSString+EddieString.h"; sourceTree = "<group>"; };
		77E5436F1933F03200B7E671 /* NSString+EddieString.m */ = {isa = PBXFileReference; fileEncoding = 4; lastKnownFileType = sourcecode.c.objc; path = "NSString+EddieString.m"; sourceTree = "<group>"; };
/* End PBXFileReference section */

/* Begin PBXFrameworksBuildPhase section */
		77E54313192EC30C00B7E671 /* Frameworks */ = {
			isa = PBXFrameworksBuildPhase;
			buildActionMask = 2147483647;
			files = (
				77E5431C192EC30C00B7E671 /* CoreGraphics.framework in Frameworks */,
				77E54320192EC30C00B7E671 /* CoreData.framework in Frameworks */,
				77E5431E192EC30C00B7E671 /* UIKit.framework in Frameworks */,
				77E5431A192EC30C00B7E671 /* Foundation.framework in Frameworks */,
				C2FC7C9A12264F34A82F4A7B /* libPods.a in Frameworks */,
			);
			runOnlyForDeploymentPostprocessing = 0;
		};
		77E54333192EC30C00B7E671 /* Frameworks */ = {
			isa = PBXFrameworksBuildPhase;
			buildActionMask = 2147483647;
			files = (
				77E54338192EC30C00B7E671 /* XCTest.framework in Frameworks */,
				77E5433B192EC30C00B7E671 /* CoreData.framework in Frameworks */,
				77E5433A192EC30C00B7E671 /* UIKit.framework in Frameworks */,
				77E54339192EC30C00B7E671 /* Foundation.framework in Frameworks */,
			);
			runOnlyForDeploymentPostprocessing = 0;
		};
/* End PBXFrameworksBuildPhase section */

/* Begin PBXGroup section */
		77E5430D192EC30C00B7E671 = {
			isa = PBXGroup;
			children = (
				77E54321192EC30C00B7E671 /* OmniChannel */,
				77E5433E192EC30C00B7E671 /* OmniChannelTests */,
				77E54318192EC30C00B7E671 /* Frameworks */,
				77E54317192EC30C00B7E671 /* Products */,
				232B63A18C3E41A49E2A20E4 /* Pods.xcconfig */,
			);
			sourceTree = "<group>";
		};
		77E54317192EC30C00B7E671 /* Products */ = {
			isa = PBXGroup;
			children = (
				77E54316192EC30C00B7E671 /* OmniChannel.app */,
				77E54336192EC30C00B7E671 /* OmniChannelTests.xctest */,
			);
			name = Products;
			sourceTree = "<group>";
		};
		77E54318192EC30C00B7E671 /* Frameworks */ = {
			isa = PBXGroup;
			children = (
				77E54319192EC30C00B7E671 /* Foundation.framework */,
				77E5431B192EC30C00B7E671 /* CoreGraphics.framework */,
				77E5431D192EC30C00B7E671 /* UIKit.framework */,
				77E5431F192EC30C00B7E671 /* CoreData.framework */,
				77E54337192EC30C00B7E671 /* XCTest.framework */,
				101C45F5137540679BE2804A /* libPods.a */,
			);
			name = Frameworks;
			sourceTree = "<group>";
		};
		77E54321192EC30C00B7E671 /* OmniChannel */ = {
			isa = PBXGroup;
			children = (
				77E5436D1933F00F00B7E671 /* categories */,
				77E543691933CC9600B7E671 /* Main */,
				77E5434E192EC3BB00B7E671 /* models */,
				77E54353192EC3D300B7E671 /* Constants.h */,
				77E5432A192EC30C00B7E671 /* AppDelegate.h */,
				77E5432B192EC30C00B7E671 /* AppDelegate.m */,
				77E54330192EC30C00B7E671 /* Images.xcassets */,
				77E5432D192EC30C00B7E671 /* OmniChannel.xcdatamodeld */,
				77E54322192EC30C00B7E671 /* Supporting Files */,
				77E54360192ECF1C00B7E671 /* LoginViewController.h */,
				77E54361192ECF1C00B7E671 /* LoginViewController.m */,
				77E54365192ECF4C00B7E671 /* Main.storyboard */,
				77E54367192ED08800B7E671 /* Login.storyboard */,
			);
			path = OmniChannel;
			sourceTree = "<group>";
		};
		77E54322192EC30C00B7E671 /* Supporting Files */ = {
			isa = PBXGroup;
			children = (
				77E54323192EC30C00B7E671 /* OmniChannel-Info.plist */,
				77E54324192EC30C00B7E671 /* InfoPlist.strings */,
				77E54327192EC30C00B7E671 /* main.m */,
				77E54329192EC30C00B7E671 /* OmniChannel-Prefix.pch */,
			);
			name = "Supporting Files";
			sourceTree = "<group>";
		};
		77E5433E192EC30C00B7E671 /* OmniChannelTests */ = {
			isa = PBXGroup;
			children = (
				77E54344192EC30C00B7E671 /* OmniChannelTests.m */,
				77E5433F192EC30C00B7E671 /* Supporting Files */,
			);
			path = OmniChannelTests;
			sourceTree = "<group>";
		};
		77E5433F192EC30C00B7E671 /* Supporting Files */ = {
			isa = PBXGroup;
			children = (
				77E54340192EC30C00B7E671 /* OmniChannelTests-Info.plist */,
				77E54341192EC30C00B7E671 /* InfoPlist.strings */,
			);
			name = "Supporting Files";
			sourceTree = "<group>";
		};
		77E5434E192EC3BB00B7E671 /* models */ = {
			isa = PBXGroup;
			children = (
				77E5434F192EC3D300B7E671 /* BaseModel.h */,
				77E54350192EC3D300B7E671 /* BaseModel.m */,
				77E54351192EC3D300B7E671 /* Client.h */,
				77E54352192EC3D300B7E671 /* Client.m */,
				77E54354192EC3D300B7E671 /* SaleItem.h */,
				77E54355192EC3D300B7E671 /* SaleItem.m */,
				77E54356192EC3D300B7E671 /* User.h */,
				77E54357192EC3D300B7E671 /* User.m */,
				77E5435C192EC3EE00B7E671 /* OmniModel.h */,
				77E5435D192ECCA200B7E671 /* ShoppingListItem.h */,
				77E5435E192ECCA200B7E671 /* ShoppingListItem.m */,
			);
			name = models;
			sourceTree = "<group>";
		};
		77E543691933CC9600B7E671 /* Main */ = {
			isa = PBXGroup;
			children = (
				77E5436A1933CCB500B7E671 /* UserSettingsViewController.h */,
				77E5436B1933CCB500B7E671 /* UserSettingsViewController.m */,
			);
			name = Main;
			sourceTree = "<group>";
		};
		77E5436D1933F00F00B7E671 /* categories */ = {
			isa = PBXGroup;
			children = (
				77E5436E1933F03200B7E671 /* NSString+EddieString.h */,
				77E5436F1933F03200B7E671 /* NSString+EddieString.m */,
			);
			name = categories;
			sourceTree = "<group>";
		};
/* End PBXGroup section */

/* Begin PBXNativeTarget section */
		77E54315192EC30C00B7E671 /* OmniChannel */ = {
			isa = PBXNativeTarget;
			buildConfigurationList = 77E54348192EC30C00B7E671 /* Build configuration list for PBXNativeTarget "OmniChannel" */;
			buildPhases = (
				9555887B9A7046E48B04099B /* Check Pods Manifest.lock */,
				77E54312192EC30C00B7E671 /* Sources */,
				77E54313192EC30C00B7E671 /* Frameworks */,
				77E54314192EC30C00B7E671 /* Resources */,
				B334240338FD44A283913282 /* Copy Pods Resources */,
			);
			buildRules = (
			);
			dependencies = (
			);
			name = OmniChannel;
			productName = OmniChannel;
			productReference = 77E54316192EC30C00B7E671 /* OmniChannel.app */;
			productType = "com.apple.product-type.application";
		};
		77E54335192EC30C00B7E671 /* OmniChannelTests */ = {
			isa = PBXNativeTarget;
			buildConfigurationList = 77E5434B192EC30C00B7E671 /* Build configuration list for PBXNativeTarget "OmniChannelTests" */;
			buildPhases = (
				77E54332192EC30C00B7E671 /* Sources */,
				77E54333192EC30C00B7E671 /* Frameworks */,
				77E54334192EC30C00B7E671 /* Resources */,
			);
			buildRules = (
			);
			dependencies = (
				77E5433D192EC30C00B7E671 /* PBXTargetDependency */,
			);
			name = OmniChannelTests;
			productName = OmniChannelTests;
			productReference = 77E54336192EC30C00B7E671 /* OmniChannelTests.xctest */;
			productType = "com.apple.product-type.bundle.unit-test";
		};
/* End PBXNativeTarget section */

/* Begin PBXProject section */
		77E5430E192EC30C00B7E671 /* Project object */ = {
			isa = PBXProject;
			attributes = {
				LastUpgradeCheck = 0510;
				ORGANIZATIONNAME = "Edward anderson";
				TargetAttributes = {
					77E54335192EC30C00B7E671 = {
						TestTargetID = 77E54315192EC30C00B7E671;
					};
				};
			};
			buildConfigurationList = 77E54311192EC30C00B7E671 /* Build configuration list for PBXProject "OmniChannel" */;
			compatibilityVersion = "Xcode 3.2";
			developmentRegion = English;
			hasScannedForEncodings = 0;
			knownRegions = (
				en,
			);
			mainGroup = 77E5430D192EC30C00B7E671;
			productRefGroup = 77E54317192EC30C00B7E671 /* Products */;
			projectDirPath = "";
			projectRoot = "";
			targets = (
				77E54315192EC30C00B7E671 /* OmniChannel */,
				77E54335192EC30C00B7E671 /* OmniChannelTests */,
			);
		};
/* End PBXProject section */

/* Begin PBXResourcesBuildPhase section */
		77E54314192EC30C00B7E671 /* Resources */ = {
			isa = PBXResourcesBuildPhase;
			buildActionMask = 2147483647;
			files = (
				77E54368192ED08800B7E671 /* Login.storyboard in Resources */,
				77E54366192ECF4C00B7E671 /* Main.storyboard in Resources */,
				77E54326192EC30C00B7E671 /* InfoPlist.strings in Resources */,
				77E54331192EC30C00B7E671 /* Images.xcassets in Resources */,
			);
			runOnlyForDeploymentPostprocessing = 0;
		};
		77E54334192EC30C00B7E671 /* Resources */ = {
			isa = PBXResourcesBuildPhase;
			buildActionMask = 2147483647;
			files = (
				77E54343192EC30C00B7E671 /* InfoPlist.strings in Resources */,
			);
			runOnlyForDeploymentPostprocessing = 0;
		};
/* End PBXResourcesBuildPhase section */

/* Begin PBXShellScriptBuildPhase section */
		9555887B9A7046E48B04099B /* Check Pods Manifest.lock */ = {
			isa = PBXShellScriptBuildPhase;
			buildActionMask = 2147483647;
			files = (
			);
			inputPaths = (
			);
			name = "Check Pods Manifest.lock";
			outputPaths = (
			);
			runOnlyForDeploymentPostprocessing = 0;
			shellPath = /bin/sh;
			shellScript = "diff \"${PODS_ROOT}/../Podfile.lock\" \"${PODS_ROOT}/Manifest.lock\" > /dev/null\nif [[ $? != 0 ]] ; then\n    cat << EOM\nerror: The sandbox is not in sync with the Podfile.lock. Run 'pod install' or update your CocoaPods installation.\nEOM\n    exit 1\nfi\n";
			showEnvVarsInLog = 0;
		};
		B334240338FD44A283913282 /* Copy Pods Resources */ = {
			isa = PBXShellScriptBuildPhase;
			buildActionMask = 2147483647;
			files = (
			);
			inputPaths = (
			);
			name = "Copy Pods Resources";
			outputPaths = (
			);
			runOnlyForDeploymentPostprocessing = 0;
			shellPath = /bin/sh;
			shellScript = "\"${SRCROOT}/../Pods/Pods-resources.sh\"\n";
			showEnvVarsInLog = 0;
		};
/* End PBXShellScriptBuildPhase section */

/* Begin PBXSourcesBuildPhase section */
		77E54312192EC30C00B7E671 /* Sources */ = {
			isa = PBXSourcesBuildPhase;
			buildActionMask = 2147483647;
			files = (
				77E5435F192ECCA200B7E671 /* ShoppingListItem.m in Sources */,
				77E5432C192EC30C00B7E671 /* AppDelegate.m in Sources */,
				77E5435B192EC3D300B7E671 /* User.m in Sources */,
				77E5435A192EC3D300B7E671 /* SaleItem.m in Sources */,
				77E5436C1933CCB500B7E671 /* UserSettingsViewController.m in Sources */,
				77E54328192EC30C00B7E671 /* main.m in Sources */,
				77E54363192ECF1C00B7E671 /* LoginViewController.m in Sources */,
				77E54358192EC3D300B7E671 /* BaseModel.m in Sources */,
				77E5432F192EC30C00B7E671 /* OmniChannel.xcdatamodeld in Sources */,
				77E543701933F03200B7E671 /* NSString+EddieString.m in Sources */,
				77E54359192EC3D300B7E671 /* Client.m in Sources */,
			);
			runOnlyForDeploymentPostprocessing = 0;
		};
		77E54332192EC30C00B7E671 /* Sources */ = {
			isa = PBXSourcesBuildPhase;
			buildActionMask = 2147483647;
			files = (
				77E54345192EC30C00B7E671 /* OmniChannelTests.m in Sources */,
			);
			runOnlyForDeploymentPostprocessing = 0;
		};
/* End PBXSourcesBuildPhase section */

/* Begin PBXTargetDependency section */
		77E5433D192EC30C00B7E671 /* PBXTargetDependency */ = {
			isa = PBXTargetDependency;
			target = 77E54315192EC30C00B7E671 /* OmniChannel */;
			targetProxy = 77E5433C192EC30C00B7E671 /* PBXContainerItemProxy */;
		};
/* End PBXTargetDependency section */

/* Begin PBXVariantGroup section */
		77E54324192EC30C00B7E671 /* InfoPlist.strings */ = {
			isa = PBXVariantGroup;
			children = (
				77E54325192EC30C00B7E671 /* en */,
			);
			name = InfoPlist.strings;
			sourceTree = "<group>";
		};
		77E54341192EC30C00B7E671 /* InfoPlist.strings */ = {
			isa = PBXVariantGroup;
			children = (
				77E54342192EC30C00B7E671 /* en */,
			);
			name = InfoPlist.strings;
			sourceTree = "<group>";
		};
/* End PBXVariantGroup section */

/* Begin XCBuildConfiguration section */
		77E54346192EC30C00B7E671 /* Debug */ = {
			isa = XCBuildConfiguration;
			buildSettings = {
				ALWAYS_SEARCH_USER_PATHS = NO;
				CLANG_CXX_LANGUAGE_STANDARD = "gnu++0x";
				CLANG_CXX_LIBRARY = "libc++";
				CLANG_ENABLE_MODULES = YES;
				CLANG_ENABLE_OBJC_ARC = YES;
				CLANG_WARN_BOOL_CONVERSION = YES;
				CLANG_WARN_CONSTANT_CONVERSION = YES;
				CLANG_WARN_DIRECT_OBJC_ISA_USAGE = YES_ERROR;
				CLANG_WARN_EMPTY_BODY = YES;
				CLANG_WARN_ENUM_CONVERSION = YES;
				CLANG_WARN_INT_CONVERSION = YES;
				CLANG_WARN_OBJC_ROOT_CLASS = YES_ERROR;
				CLANG_WARN__DUPLICATE_METHOD_MATCH = YES;
				"CODE_SIGN_IDENTITY[sdk=iphoneos*]" = "iPhone Developer";
				COPY_PHASE_STRIP = NO;
				GCC_C_LANGUAGE_STANDARD = gnu99;
				GCC_DYNAMIC_NO_PIC = NO;
				GCC_OPTIMIZATION_LEVEL = 0;
				GCC_PREPROCESSOR_DEFINITIONS = (
					"DEBUG=1",
					"$(inherited)",
				);
				GCC_SYMBOLS_PRIVATE_EXTERN = NO;
				GCC_WARN_64_TO_32_BIT_CONVERSION = YES;
				GCC_WARN_ABOUT_RETURN_TYPE = YES_ERROR;
				GCC_WARN_UNDECLARED_SELECTOR = YES;
				GCC_WARN_UNINITIALIZED_AUTOS = YES_AGGRESSIVE;
				GCC_WARN_UNUSED_FUNCTION = YES;
				GCC_WARN_UNUSED_VARIABLE = YES;
				IPHONEOS_DEPLOYMENT_TARGET = 7.1;
				ONLY_ACTIVE_ARCH = YES;
				SDKROOT = iphoneos;
			};
			name = Debug;
		};
		77E54347192EC30C00B7E671 /* Release */ = {
			isa = XCBuildConfiguration;
			buildSettings = {
				ALWAYS_SEARCH_USER_PATHS = NO;
				CLANG_CXX_LANGUAGE_STANDARD = "gnu++0x";
				CLANG_CXX_LIBRARY = "libc++";
				CLANG_ENABLE_MODULES = YES;
				CLANG_ENABLE_OBJC_ARC = YES;
				CLANG_WARN_BOOL_CONVERSION = YES;
				CLANG_WARN_CONSTANT_CONVERSION = YES;
				CLANG_WARN_DIRECT_OBJC_ISA_USAGE = YES_ERROR;
				CLANG_WARN_EMPTY_BODY = YES;
				CLANG_WARN_ENUM_CONVERSION = YES;
				CLANG_WARN_INT_CONVERSION = YES;
				CLANG_WARN_OBJC_ROOT_CLASS = YES_ERROR;
				CLANG_WARN__DUPLICATE_METHOD_MATCH = YES;
				"CODE_SIGN_IDENTITY[sdk=iphoneos*]" = "iPhone Developer";
				COPY_PHASE_STRIP = YES;
				ENABLE_NS_ASSERTIONS = NO;
				GCC_C_LANGUAGE_STANDARD = gnu99;
				GCC_WARN_64_TO_32_BIT_CONVERSION = YES;
				GCC_WARN_ABOUT_RETURN_TYPE = YES_ERROR;
				GCC_WARN_UNDECLARED_SELECTOR = YES;
				GCC_WARN_UNINITIALIZED_AUTOS = YES_AGGRESSIVE;
				GCC_WARN_UNUSED_FUNCTION = YES;
				GCC_WARN_UNUSED_VARIABLE = YES;
				IPHONEOS_DEPLOYMENT_TARGET = 7.1;
				SDKROOT = iphoneos;
				VALIDATE_PRODUCT = YES;
			};
			name = Release;
		};
		77E54349192EC30C00B7E671 /* Debug */ = {
			isa = XCBuildConfiguration;
			baseConfigurationReference = 232B63A18C3E41A49E2A20E4 /* Pods.xcconfig */;
			buildSettings = {
				ASSETCATALOG_COMPILER_APPICON_NAME = AppIcon;
				ASSETCATALOG_COMPILER_LAUNCHIMAGE_NAME = LaunchImage;
				GCC_PRECOMPILE_PREFIX_HEADER = YES;
				GCC_PREFIX_HEADER = "OmniChannel/OmniChannel-Prefix.pch";
				INFOPLIST_FILE = "OmniChannel/OmniChannel-Info.plist";
				PRODUCT_NAME = "$(TARGET_NAME)";
				WRAPPER_EXTENSION = app;
			};
			name = Debug;
		};
		77E5434A192EC30C00B7E671 /* Release */ = {
			isa = XCBuildConfiguration;
			baseConfigurationReference = 232B63A18C3E41A49E2A20E4 /* Pods.xcconfig */;
			buildSettings = {
				ASSETCATALOG_COMPILER_APPICON_NAME = AppIcon;
				ASSETCATALOG_COMPILER_LAUNCHIMAGE_NAME = LaunchImage;
				GCC_PRECOMPILE_PREFIX_HEADER = YES;
				GCC_PREFIX_HEADER = "OmniChannel/OmniChannel-Prefix.pch";
				INFOPLIST_FILE = "OmniChannel/OmniChannel-Info.plist";
				PRODUCT_NAME = "$(TARGET_NAME)";
				WRAPPER_EXTENSION = app;
			};
			name = Release;
		};
		77E5434C192EC30C00B7E671 /* Debug */ = {
			isa = XCBuildConfiguration;
			buildSettings = {
				BUNDLE_LOADER = "$(BUILT_PRODUCTS_DIR)/OmniChannel.app/OmniChannel";
				FRAMEWORK_SEARCH_PATHS = (
					"$(SDKROOT)/Developer/Library/Frameworks",
					"$(inherited)",
					"$(DEVELOPER_FRAMEWORKS_DIR)",
				);
				GCC_PRECOMPILE_PREFIX_HEADER = YES;
				GCC_PREFIX_HEADER = "OmniChannel/OmniChannel-Prefix.pch";
				GCC_PREPROCESSOR_DEFINITIONS = (
					"DEBUG=1",
					"$(inherited)",
				);
				INFOPLIST_FILE = "OmniChannelTests/OmniChannelTests-Info.plist";
				PRODUCT_NAME = "$(TARGET_NAME)";
				TEST_HOST = "$(BUNDLE_LOADER)";
				WRAPPER_EXTENSION = xctest;
			};
			name = Debug;
		};
		77E5434D192EC30C00B7E671 /* Release */ = {
			isa = XCBuildConfiguration;
			buildSettings = {
				BUNDLE_LOADER = "$(BUILT_PRODUCTS_DIR)/OmniChannel.app/OmniChannel";
				FRAMEWORK_SEARCH_PATHS = (
					"$(SDKROOT)/Developer/Library/Frameworks",
					"$(inherited)",
					"$(DEVELOPER_FRAMEWORKS_DIR)",
				);
				GCC_PRECOMPILE_PREFIX_HEADER = YES;
				GCC_PREFIX_HEADER = "OmniChannel/OmniChannel-Prefix.pch";
				INFOPLIST_FILE = "OmniChannelTests/OmniChannelTests-Info.plist";
				PRODUCT_NAME = "$(TARGET_NAME)";
				TEST_HOST = "$(BUNDLE_LOADER)";
				WRAPPER_EXTENSION = xctest;
			};
			name = Release;
		};
/* End XCBuildConfiguration section */

/* Begin XCConfigurationList section */
		77E54311192EC30C00B7E671 /* Build configuration list for PBXProject "OmniChannel" */ = {
			isa = XCConfigurationList;
			buildConfigurations = (
				77E54346192EC30C00B7E671 /* Debug */,
				77E54347192EC30C00B7E671 /* Release */,
			);
			defaultConfigurationIsVisible = 0;
			defaultConfigurationName = Release;
		};
		77E54348192EC30C00B7E671 /* Build configuration list for PBXNativeTarget "OmniChannel" */ = {
			isa = XCConfigurationList;
			buildConfigurations = (
				77E54349192EC30C00B7E671 /* Debug */,
				77E5434A192EC30C00B7E671 /* Release */,
			);
			defaultConfigurationIsVisible = 0;
			defaultConfigurationName = Release;
		};
		77E5434B192EC30C00B7E671 /* Build configuration list for PBXNativeTarget "OmniChannelTests" */ = {
			isa = XCConfigurationList;
			buildConfigurations = (
				77E5434C192EC30C00B7E671 /* Debug */,
				77E5434D192EC30C00B7E671 /* Release */,
			);
			defaultConfigurationIsVisible = 0;
			defaultConfigurationName = Release;
		};
/* End XCConfigurationList section */

/* Begin XCVersionGroup section */
		77E5432D192EC30C00B7E671 /* OmniChannel.xcdatamodeld */ = {
			isa = XCVersionGroup;
			children = (
				77E5432E192EC30C00B7E671 /* OmniChannel.xcdatamodel */,
			);
			currentVersion = 77E5432E192EC30C00B7E671 /* OmniChannel.xcdatamodel */;
			path = OmniChannel.xcdatamodeld;
			sourceTree = "<group>";
			versionGroupType = wrapper.xcdatamodel;
		};
/* End XCVersionGroup section */
	};
	rootObject = 77E5430E192EC30C00B7E671 /* Project object */;
}
